{
  "name": "edusync-attendance",
  "lockfileVersion": 3,
  "requires": true,
  "packages": {
    "": {
      "dependencies": {
        "datatables.net": "^2.2.1",
        "datatables.net-dt": "^2.2.1",
        "jquery": "^3.7.1"
      }
    },
    "node_modules/datatables.net": {
      "version": "2.2.1",
      "resolved": "https://registry.npmjs.org/datatables.net/-/datatables.net-2.2.1.tgz",
      "integrity": "sha512-Hz7f+a77xGdroAzej88aobT5nkQIJ2Oy1JI7yh2cl0QAXQSJDXOKkOLknu+nphVP8CP8w9MtLCmwMst/F8niiQ==",
      "license": "MIT",
      "dependencies": {
        "jquery": ">=1.7"
      }
    },
    "node_modules/datatables.net-dt": {
      "version": "2.2.1",
      "resolved": "https://registry.npmjs.org/datatables.net-dt/-/datatables.net-dt-2.2.1.tgz",
      "integrity": "sha512-ca2hFyyuwkLnZxa8hGuSP5oD+r9gQitOrbXRwuT0bPSnIR5qx39KTHbK7QayUjl2iXTUdYah7PnQT8A80RuTXw==",
      "license": "MIT",
      "dependencies": {
        "datatables.net": "2.2.1",
        "jquery": ">=1.7"
      }
    },
    "node_modules/jquery": {
      "version": "3.7.1",
      "resolved": "https://registry.npmjs.org/jquery/-/jquery-3.7.1.tgz",
      "integrity": "sha512-m4avr8yL8kmFN8psrbFFFmB/If14iN5o9nw/NgnnM+kybDJpRsAynV2BsfpTYrTRysYUdADVD7CkUUizgkpLfg==",
      "license": "MIT"
    }
  }
}
